{
	"name": "bitbake",
	"version": "0.0.13",
	"lockfileVersion": 1,
	"requires": true,
	"dependencies": {
		"@types/mocha": {
			"version": "2.2.46",
			"resolved": "https://registry.npmjs.org/@types/mocha/-/mocha-2.2.46.tgz",
			"integrity": "sha512-fwTTP5QLf4xHMkv7ovcKvmlLWX3GrxCa5DRQDOilVyYGCp+arZTAQJCy7/4GKezzYJjfWMpB/Cy4e8nrc9XioA==",
			"dev": true
		},
		"@types/node": {
			"version": "6.0.96",
			"resolved": "https://registry.npmjs.org/@types/node/-/node-6.0.96.tgz",
			"integrity": "sha512-fsOOY6tMQ3jCB2wD51XFDmmpgm4wVKkJECdcVRqapbJEa7awJDcr+SaH8toz+4r4KW8YQ3M7ybXMoSDo1QGewA==",
			"dev": true
		},
		"typescript": {
			"version": "2.6.2",
			"resolved": "https://registry.npmjs.org/typescript/-/typescript-2.6.2.tgz",
			"integrity": "sha1-PFtv1/beCRQmkCfwPAlGdY92c6Q=",
			"dev": true
		}
	}
}
