{
  "name": "language-server-bitbake",
  "version": "2.5.0",
  "lockfileVersion": 3,
  "requires": true,
  "packages": {
    "": {
      "name": "language-server-bitbake",
      "version": "2.5.0",
      "license": "MIT",
      "workspaces": [
        "../client/src/lib"
      ],
      "dependencies": {
        "vscode-languageserver": "^8.1.0",
        "vscode-languageserver-textdocument": "^1.0.8",
        "web-tree-sitter": "^0.22.6"
      },
      "bin": {
        "language-server-bitbake": "out/server.js"
      },
      "devDependencies": {
        "@types/glob": "^8.1.0",
        "@types/node": "^20.6.1",
        "@types/vscode": "^1.75.1"
      },
      "engines": {
        "node": "*"
      }
    },
    "../client/src/lib": {
      "name": "vscode-bitbake-lib",
      "version": "2.5.0",
      "license": "MIT",
      "engines": {
        "node": "*"
      }
    },
    "node_modules/@types/glob": {
      "version": "8.1.0",
      "dev": true,
      "license": "MIT",
      "dependencies": {
        "@types/minimatch": "^5.1.2",
        "@types/node": "*"
      }
    },
    "node_modules/@types/minimatch": {
      "version": "5.1.2",
      "dev": true,
      "license": "MIT"
    },
    "node_modules/@types/node": {
      "version": "20.11.25",
      "dev": true,
      "license": "MIT",
      "dependencies": {
        "undici-types": "~5.26.4"
      }
    },
    "node_modules/@types/vscode": {
      "version": "1.90.0",
      "resolved": "https://registry.npmjs.org/@types/vscode/-/vscode-1.90.0.tgz",
      "integrity": "sha512-oT+ZJL7qHS9Z8bs0+WKf/kQ27qWYR3trsXpq46YDjFqBsMLG4ygGGjPaJ2tyrH0wJzjOEmDyg9PDJBBhWg9pkQ==",
      "dev": true
    },
    "node_modules/undici-types": {
      "version": "5.26.5",
      "dev": true,
      "license": "MIT"
    },
    "node_modules/vscode-bitbake-lib": {
      "resolved": "../client/src/lib",
      "link": true
    },
    "node_modules/vscode-jsonrpc": {
      "version": "8.1.0",
      "license": "MIT",
      "engines": {
        "node": ">=14.0.0"
      }
    },
    "node_modules/vscode-languageserver": {
      "version": "8.1.0",
      "license": "MIT",
      "dependencies": {
        "vscode-languageserver-protocol": "3.17.3"
      },
      "bin": {
        "installServerIntoExtension": "bin/installServerIntoExtension"
      }
    },
    "node_modules/vscode-languageserver-protocol": {
      "version": "3.17.3",
      "license": "MIT",
      "dependencies": {
        "vscode-jsonrpc": "8.1.0",
        "vscode-languageserver-types": "3.17.3"
      }
    },
    "node_modules/vscode-languageserver-textdocument": {
      "version": "1.0.11",
      "license": "MIT"
    },
    "node_modules/vscode-languageserver-types": {
      "version": "3.17.3",
      "license": "MIT"
    },
    "node_modules/web-tree-sitter": {
      "version": "0.22.6",
      "resolved": "https://registry.npmjs.org/web-tree-sitter/-/web-tree-sitter-0.22.6.tgz",
      "integrity": "sha512-hS87TH71Zd6mGAmYCvlgxeGDjqd9GTeqXNqTT+u0Gs51uIozNIaaq/kUAbV/Zf56jb2ZOyG8BxZs2GG9wbLi6Q=="
    }
  }
}
